
Microsoft Visual Studio Solution File, Format Version 12.00
# Visual Studio Version 16
VisualStudioVersion = 16.0.30413.136
MinimumVisualStudioVersion = 10.0.40219.1
Project("{FAE04EC0-301F-11D3-BF4B-00C04F79EFBC}") = "UDPChatRoom", "UDPChatRoom\UDPChatRoom.csproj", "{7946BE3F-2406-4FCE-83C6-698960EBD62D}"
EndProject
Global
	GlobalSection(SolutionConfigurationPlatforms) = preSolution
		Debug|Any CPU = Debug|Any CPU
		Release|Any CPU = Release|Any CPU
	EndGlobalSection
	GlobalSection(ProjectConfigurationPlatforms) = postSolution
		{7946BE3F-2406-4FCE-83C6-698960EBD62D}.Debug|Any CPU.ActiveCfg = Debug|Any CPU
		{7946BE3F-2406-4FCE-83C6-698960EBD62D}.Debug|Any CPU.Build.0 = Debug|Any CPU
		{7946BE3F-2406-4FCE-83C6-698960EBD62D}.Release|Any CPU.ActiveCfg = Release|Any CPU
		{7946BE3F-2406-4FCE-83C6-698960EBD62D}.Release|Any CPU.Build.0 = Release|Any CPU
	EndGlobalSection
	GlobalSection(SolutionProperties) = preSolution
		HideSolutionNode = FALSE
	EndGlobalSection
	GlobalSection(ExtensibilityGlobals) = postSolution
		SolutionGuid = {4FF9889D-B664-47B4-8738-277884D4DB09}
	EndGlobalSection
EndGlobal
