
Microsoft Visual Studio Solution File, Format Version 12.00
# Visual Studio Version 16
VisualStudioVersion = 16.0.30413.136
MinimumVisualStudioVersion = 10.0.40219.1
Project("{FAE04EC0-301F-11D3-BF4B-00C04F79EFBC}") = "HTTPGobang", "HTTPGobang\HTTPGobang.csproj", "{D88B945A-64A5-4882-B663-E2458516344A}"
EndProject
Global
	GlobalSection(SolutionConfigurationPlatforms) = preSolution
		Debug|Any CPU = Debug|Any CPU
		Release|Any CPU = Release|Any CPU
	EndGlobalSection
	GlobalSection(ProjectConfigurationPlatforms) = postSolution
		{D88B945A-64A5-4882-B663-E2458516344A}.Debug|Any CPU.ActiveCfg = Debug|Any CPU
		{D88B945A-64A5-4882-B663-E2458516344A}.Debug|Any CPU.Build.0 = Debug|Any CPU
		{D88B945A-64A5-4882-B663-E2458516344A}.Release|Any CPU.ActiveCfg = Release|Any CPU
		{D88B945A-64A5-4882-B663-E2458516344A}.Release|Any CPU.Build.0 = Release|Any CPU
	EndGlobalSection
	GlobalSection(SolutionProperties) = preSolution
		HideSolutionNode = FALSE
	EndGlobalSection
	GlobalSection(ExtensibilityGlobals) = postSolution
		SolutionGuid = {719FCEAC-7E77-4A73-B093-2D4EEE34A06A}
	EndGlobalSection
EndGlobal
